
Microsoft Visual Studio Solution File, Format Version 12.00
# Visual Studio Version 16
VisualStudioVersion = 16.0.30114.105
MinimumVisualStudioVersion = 10.0.40219.1
Project("{2150E333-8FDC-42A3-9474-1A3956D46DE8}") = "InfinityScript1", "InfinityScript1", "{79A76E0D-516B-45F1-9C34-7D21C4090BF1}"
EndProject
Project("{2150E333-8FDC-42A3-9474-1A3956D46DE8}") = "InfinityScript1.5", "InfinityScript1.5", "{DB4FB9F1-F73B-4453-853D-B91397413A0B}"
EndProject
Project("{FAE04EC0-301F-11D3-BF4B-00C04F79EFBC}") = "UiC.Loader", "UiC.Loader\UiC.Loader.csproj", "{1427331C-2E6C-4E90-BA5C-B598531DAB71}"
EndProject
Project("{2150E333-8FDC-42A3-9474-1A3956D46DE8}") = "Plugins", "Plugins", "{2FB183E8-BD8B-4555-A884-BEA4228F7EF3}"
EndProject
Project("{2150E333-8FDC-42A3-9474-1A3956D46DE8}") = "Tools", "Tools", "{9F6B2B57-F3C0-4820-8B25-7D58D086291A}"
EndProject
Project("{FAE04EC0-301F-11D3-BF4B-00C04F79EFBC}") = "Md5Creator", "Tools\UiC.Md5Creator\Md5Creator.csproj", "{6497D515-18DD-43DA-B80D-DFC4FBA10319}"
EndProject
Project("{FAE04EC0-301F-11D3-BF4B-00C04F79EFBC}") = "UiC.AntiCheat", "Plugins\IS1\UiC.AntiCheat\UiC.AntiCheat.csproj", "{9428F9D1-4512-41C7-AC49-5507519BBD95}"
EndProject
Project("{FAE04EC0-301F-11D3-BF4B-00C04F79EFBC}") = "UIC.AntiCheat", "Plugins\IS1.5\UIC.AntiCheat\UIC.AntiCheat.csproj", "{CDA3BCBF-5024-4C1E-8EEA-C5E064FCEB2D}"
EndProject
Project("{FAE04EC0-301F-11D3-BF4B-00C04F79EFBC}") = "UiC.Core", "Plugins\UiC.Core\UiC.Core.csproj", "{7E2D3105-CA2E-4166-B463-FBBC34CB2B40}"
EndProject
Project("{FAE04EC0-301F-11D3-BF4B-00C04F79EFBC}") = "UiC.ExamplePlugin", "Plugins\UiC.ExamplePlugin\UiC.ExamplePlugin.csproj", "{D30B62DB-94BC-4393-A84A-FE792D0E76B0}"
EndProject
Project("{FAE04EC0-301F-11D3-BF4B-00C04F79EFBC}") = "UiC.Commands", "Plugins\UiC.Commands\UiC.Commands.csproj", "{9013DAAD-02D2-45DB-A839-ED3C4DAF9277}"
EndProject
Project("{FAE04EC0-301F-11D3-BF4B-00C04F79EFBC}") = "UiC.Network", "Plugins\UiC.Network\UiC.Network.csproj", "{13095175-7488-45D1-AFAE-F724E903BBF6}"
EndProject
Project("{FAE04EC0-301F-11D3-BF4B-00C04F79EFBC}") = "UiC.Performance", "Plugins\IS1.5\UiC.Performance\UiC.Performance.csproj", "{52FDCB89-5C52-4A8C-8259-6098C2068CF9}"
EndProject
Project("{FAE04EC0-301F-11D3-BF4B-00C04F79EFBC}") = "UiC.Performance", "Plugins\IS1\UiC.Performance\UiC.Performance.csproj", "{A7772C8F-E611-4BCB-BEFB-DC0393206B1A}"
EndProject
Project("{2150E333-8FDC-42A3-9474-1A3956D46DE8}") = "Servers", "Servers", "{C88804D7-7740-417F-BD40-098B529B4A78}"
EndProject
Project("{FAE04EC0-301F-11D3-BF4B-00C04F79EFBC}") = "UiC.ORM", "Server\UiC.ORM\UiC.ORM.csproj", "{3A46A22F-2317-4A4B-9F9C-84FD77EACB26}"
EndProject
Project("{FAE04EC0-301F-11D3-BF4B-00C04F79EFBC}") = "UiC.NetworkServer", "Server\UiC.NetworkServer\UiC.NetworkServer.csproj", "{75DF4C03-B425-4443-97AE-AED8FEE46C0F}"
EndProject
Project("{FAE04EC0-301F-11D3-BF4B-00C04F79EFBC}") = "UiC.Discord", "Server\UiC.Discord\UiC.Discord.csproj", "{0223333C-E70D-4281-AC60-AACD195AFE2A}"
EndProject
Global
	GlobalSection(SolutionConfigurationPlatforms) = preSolution
		Debug|Any CPU = Debug|Any CPU
		Release|Any CPU = Release|Any CPU
	EndGlobalSection
	GlobalSection(ProjectConfigurationPlatforms) = postSolution
		{1427331C-2E6C-4E90-BA5C-B598531DAB71}.Debug|Any CPU.ActiveCfg = Debug|Any CPU
		{1427331C-2E6C-4E90-BA5C-B598531DAB71}.Debug|Any CPU.Build.0 = Debug|Any CPU
		{1427331C-2E6C-4E90-BA5C-B598531DAB71}.Release|Any CPU.ActiveCfg = Release|Any CPU
		{1427331C-2E6C-4E90-BA5C-B598531DAB71}.Release|Any CPU.Build.0 = Release|Any CPU
		{6497D515-18DD-43DA-B80D-DFC4FBA10319}.Debug|Any CPU.ActiveCfg = Debug|Any CPU
		{6497D515-18DD-43DA-B80D-DFC4FBA10319}.Debug|Any CPU.Build.0 = Debug|Any CPU
		{6497D515-18DD-43DA-B80D-DFC4FBA10319}.Release|Any CPU.ActiveCfg = Release|Any CPU
		{6497D515-18DD-43DA-B80D-DFC4FBA10319}.Release|Any CPU.Build.0 = Release|Any CPU
		{9428F9D1-4512-41C7-AC49-5507519BBD95}.Debug|Any CPU.ActiveCfg = Debug|Any CPU
		{9428F9D1-4512-41C7-AC49-5507519BBD95}.Debug|Any CPU.Build.0 = Debug|Any CPU
		{9428F9D1-4512-41C7-AC49-5507519BBD95}.Release|Any CPU.ActiveCfg = Release|Any CPU
		{9428F9D1-4512-41C7-AC49-5507519BBD95}.Release|Any CPU.Build.0 = Release|Any CPU
		{CDA3BCBF-5024-4C1E-8EEA-C5E064FCEB2D}.Debug|Any CPU.ActiveCfg = Debug|Any CPU
		{CDA3BCBF-5024-4C1E-8EEA-C5E064FCEB2D}.Debug|Any CPU.Build.0 = Debug|Any CPU
		{CDA3BCBF-5024-4C1E-8EEA-C5E064FCEB2D}.Release|Any CPU.ActiveCfg = Release|Any CPU
		{CDA3BCBF-5024-4C1E-8EEA-C5E064FCEB2D}.Release|Any CPU.Build.0 = Release|Any CPU
		{7E2D3105-CA2E-4166-B463-FBBC34CB2B40}.Debug|Any CPU.ActiveCfg = Debug|Any CPU
		{7E2D3105-CA2E-4166-B463-FBBC34CB2B40}.Debug|Any CPU.Build.0 = Debug|Any CPU
		{7E2D3105-CA2E-4166-B463-FBBC34CB2B40}.Release|Any CPU.ActiveCfg = Release|Any CPU
		{7E2D3105-CA2E-4166-B463-FBBC34CB2B40}.Release|Any CPU.Build.0 = Release|Any CPU
		{D30B62DB-94BC-4393-A84A-FE792D0E76B0}.Debug|Any CPU.ActiveCfg = Debug|Any CPU
		{D30B62DB-94BC-4393-A84A-FE792D0E76B0}.Debug|Any CPU.Build.0 = Debug|Any CPU
		{D30B62DB-94BC-4393-A84A-FE792D0E76B0}.Release|Any CPU.ActiveCfg = Release|Any CPU
		{D30B62DB-94BC-4393-A84A-FE792D0E76B0}.Release|Any CPU.Build.0 = Release|Any CPU
		{9013DAAD-02D2-45DB-A839-ED3C4DAF9277}.Debug|Any CPU.ActiveCfg = Debug|Any CPU
		{9013DAAD-02D2-45DB-A839-ED3C4DAF9277}.Debug|Any CPU.Build.0 = Debug|Any CPU
		{9013DAAD-02D2-45DB-A839-ED3C4DAF9277}.Release|Any CPU.ActiveCfg = Release|Any CPU
		{9013DAAD-02D2-45DB-A839-ED3C4DAF9277}.Release|Any CPU.Build.0 = Release|Any CPU
		{13095175-7488-45D1-AFAE-F724E903BBF6}.Debug|Any CPU.ActiveCfg = Debug|Any CPU
		{13095175-7488-45D1-AFAE-F724E903BBF6}.Debug|Any CPU.Build.0 = Debug|Any CPU
		{13095175-7488-45D1-AFAE-F724E903BBF6}.Release|Any CPU.ActiveCfg = Release|Any CPU
		{13095175-7488-45D1-AFAE-F724E903BBF6}.Release|Any CPU.Build.0 = Release|Any CPU
		{52FDCB89-5C52-4A8C-8259-6098C2068CF9}.Debug|Any CPU.ActiveCfg = Debug|Any CPU
		{52FDCB89-5C52-4A8C-8259-6098C2068CF9}.Debug|Any CPU.Build.0 = Debug|Any CPU
		{52FDCB89-5C52-4A8C-8259-6098C2068CF9}.Release|Any CPU.ActiveCfg = Release|Any CPU
		{52FDCB89-5C52-4A8C-8259-6098C2068CF9}.Release|Any CPU.Build.0 = Release|Any CPU
		{A7772C8F-E611-4BCB-BEFB-DC0393206B1A}.Debug|Any CPU.ActiveCfg = Debug|Any CPU
		{A7772C8F-E611-4BCB-BEFB-DC0393206B1A}.Debug|Any CPU.Build.0 = Debug|Any CPU
		{A7772C8F-E611-4BCB-BEFB-DC0393206B1A}.Release|Any CPU.ActiveCfg = Release|Any CPU
		{A7772C8F-E611-4BCB-BEFB-DC0393206B1A}.Release|Any CPU.Build.0 = Release|Any CPU
		{3A46A22F-2317-4A4B-9F9C-84FD77EACB26}.Debug|Any CPU.ActiveCfg = Debug|Any CPU
		{3A46A22F-2317-4A4B-9F9C-84FD77EACB26}.Debug|Any CPU.Build.0 = Debug|Any CPU
		{3A46A22F-2317-4A4B-9F9C-84FD77EACB26}.Release|Any CPU.ActiveCfg = Release|Any CPU
		{3A46A22F-2317-4A4B-9F9C-84FD77EACB26}.Release|Any CPU.Build.0 = Release|Any CPU
		{75DF4C03-B425-4443-97AE-AED8FEE46C0F}.Debug|Any CPU.ActiveCfg = Debug|Any CPU
		{75DF4C03-B425-4443-97AE-AED8FEE46C0F}.Debug|Any CPU.Build.0 = Debug|Any CPU
		{75DF4C03-B425-4443-97AE-AED8FEE46C0F}.Release|Any CPU.ActiveCfg = Release|Any CPU
		{75DF4C03-B425-4443-97AE-AED8FEE46C0F}.Release|Any CPU.Build.0 = Release|Any CPU
		{0223333C-E70D-4281-AC60-AACD195AFE2A}.Debug|Any CPU.ActiveCfg = Debug|Any CPU
		{0223333C-E70D-4281-AC60-AACD195AFE2A}.Debug|Any CPU.Build.0 = Debug|Any CPU
		{0223333C-E70D-4281-AC60-AACD195AFE2A}.Release|Any CPU.ActiveCfg = Release|Any CPU
		{0223333C-E70D-4281-AC60-AACD195AFE2A}.Release|Any CPU.Build.0 = Release|Any CPU
	EndGlobalSection
	GlobalSection(SolutionProperties) = preSolution
		HideSolutionNode = FALSE
	EndGlobalSection
	GlobalSection(NestedProjects) = preSolution
		{79A76E0D-516B-45F1-9C34-7D21C4090BF1} = {2FB183E8-BD8B-4555-A884-BEA4228F7EF3}
		{DB4FB9F1-F73B-4453-853D-B91397413A0B} = {2FB183E8-BD8B-4555-A884-BEA4228F7EF3}
		{6497D515-18DD-43DA-B80D-DFC4FBA10319} = {9F6B2B57-F3C0-4820-8B25-7D58D086291A}
		{9428F9D1-4512-41C7-AC49-5507519BBD95} = {79A76E0D-516B-45F1-9C34-7D21C4090BF1}
		{CDA3BCBF-5024-4C1E-8EEA-C5E064FCEB2D} = {DB4FB9F1-F73B-4453-853D-B91397413A0B}
		{7E2D3105-CA2E-4166-B463-FBBC34CB2B40} = {2FB183E8-BD8B-4555-A884-BEA4228F7EF3}
		{D30B62DB-94BC-4393-A84A-FE792D0E76B0} = {2FB183E8-BD8B-4555-A884-BEA4228F7EF3}
		{9013DAAD-02D2-45DB-A839-ED3C4DAF9277} = {2FB183E8-BD8B-4555-A884-BEA4228F7EF3}
		{13095175-7488-45D1-AFAE-F724E903BBF6} = {2FB183E8-BD8B-4555-A884-BEA4228F7EF3}
		{52FDCB89-5C52-4A8C-8259-6098C2068CF9} = {DB4FB9F1-F73B-4453-853D-B91397413A0B}
		{A7772C8F-E611-4BCB-BEFB-DC0393206B1A} = {79A76E0D-516B-45F1-9C34-7D21C4090BF1}
		{3A46A22F-2317-4A4B-9F9C-84FD77EACB26} = {C88804D7-7740-417F-BD40-098B529B4A78}
		{75DF4C03-B425-4443-97AE-AED8FEE46C0F} = {C88804D7-7740-417F-BD40-098B529B4A78}
		{0223333C-E70D-4281-AC60-AACD195AFE2A} = {C88804D7-7740-417F-BD40-098B529B4A78}
	EndGlobalSection
	GlobalSection(ExtensibilityGlobals) = postSolution
		SolutionGuid = {E42C72AC-ADAF-4924-B491-29E6F0791C1E}
	EndGlobalSection
EndGlobal
